{
	"name": "jss-svelte-forms",
	"version": "1.0.8",
	"lockfileVersion": 1,
	"requires": true,
	"dependencies": {
		"@sitecore-jss/sitecore-jss": {
			"version": "13.0.0",
			"resolved": "https://registry.npmjs.org/@sitecore-jss/sitecore-jss/-/sitecore-jss-13.0.0.tgz",
			"integrity": "sha512-eBk4QfmWg5mptUDiBW23yM9PH0XMFr6+Vj2qcoxD9/wf0+gzSFqeIfmHCoQYHrCanU/zZz+JILL/xxjf3zVhcw==",
			"dev": true,
			"requires": {
				"lodash.unescape": "^4.0.1",
				"url-parse": "^1.4.7"
			}
		},
		"@sitecore-jss/sitecore-jss-forms": {
			"version": "13.0.0",
			"resolved": "https://registry.npmjs.org/@sitecore-jss/sitecore-jss-forms/-/sitecore-jss-forms-13.0.0.tgz",
			"integrity": "sha512-c3I9NT4u6ReasRh7M+O1KwwXowAG7MxW3cZDtXIY8jyceO9FdoY4xAXA4ePyxugCB+huttm5pWzyGFjpSPM/kw==",
			"dev": true,
			"requires": {
				"@sitecore-jss/sitecore-jss": "^13.0.0"
			}
		},
		"lodash.unescape": {
			"version": "4.0.1",
			"resolved": "https://registry.npmjs.org/lodash.unescape/-/lodash.unescape-4.0.1.tgz",
			"integrity": "sha1-vyJJiGzlFM2hEvrpIYzcBlIR/Jw=",
			"dev": true
		},
		"querystringify": {
			"version": "2.1.1",
			"resolved": "https://registry.npmjs.org/querystringify/-/querystringify-2.1.1.tgz",
			"integrity": "sha512-w7fLxIRCRT7U8Qu53jQnJyPkYZIaR4n5151KMfcJlO/A9397Wxb1amJvROTK6TOnp7PfoAmg/qXiNHI+08jRfA==",
			"dev": true
		},
		"requires-port": {
			"version": "1.0.0",
			"resolved": "https://registry.npmjs.org/requires-port/-/requires-port-1.0.0.tgz",
			"integrity": "sha1-kl0mAdOaxIXgkc8NpcbmlNw9yv8=",
			"dev": true
		},
		"url-parse": {
			"version": "1.5.10",
			"resolved": "https://registry.npmjs.org/url-parse/-/url-parse-1.5.10.tgz",
			"integrity": "sha512-WypcfiRhfeUP9vvF0j6rw0J3hrWrw6iZv3+22h6iRMJ/8z1Tj6XfLP4DsUix5MhMPnXpiHDoKyoZ/bdCkwBCiQ==",
			"dev": true,
			"requires": {
				"querystringify": "^2.1.1",
				"requires-port": "^1.0.0"
			}
		}
	}
}
